
Microsoft Visual Studio Solution File, Format Version 12.00
# Visual Studio Version 16
VisualStudioVersion = 16.0.31129.286
MinimumVisualStudioVersion = 10.0.40219.1
Project("{FAE04EC0-301F-11D3-BF4B-00C04F79EFBC}") = "MainApp", "MainApp\MainApp.csproj", "{C376268D-6D39-4CB2-98B8-CE33EEBC2C78}"
EndProject
Project("{FAE04EC0-301F-11D3-BF4B-00C04F79EFBC}") = "Model", "Model\Model.csproj", "{CF62965E-A6FC-4FD2-922F-C4AE07F82DAE}"
EndProject
Project("{FAE04EC0-301F-11D3-BF4B-00C04F79EFBC}") = "Controller", "Controller\Controller.csproj", "{1EE3AF52-6450-4FBF-8937-D4E1593F0F11}"
EndProject
Global
	GlobalSection(SolutionConfigurationPlatforms) = preSolution
		Debug|Any CPU = Debug|Any CPU
		Release|Any CPU = Release|Any CPU
	EndGlobalSection
	GlobalSection(ProjectConfigurationPlatforms) = postSolution
		{C376268D-6D39-4CB2-98B8-CE33EEBC2C78}.Debug|Any CPU.ActiveCfg = Debug|Any CPU
		{C376268D-6D39-4CB2-98B8-CE33EEBC2C78}.Debug|Any CPU.Build.0 = Debug|Any CPU
		{C376268D-6D39-4CB2-98B8-CE33EEBC2C78}.Release|Any CPU.ActiveCfg = Release|Any CPU
		{C376268D-6D39-4CB2-98B8-CE33EEBC2C78}.Release|Any CPU.Build.0 = Release|Any CPU
		{CF62965E-A6FC-4FD2-922F-C4AE07F82DAE}.Debug|Any CPU.ActiveCfg = Debug|Any CPU
		{CF62965E-A6FC-4FD2-922F-C4AE07F82DAE}.Debug|Any CPU.Build.0 = Debug|Any CPU
		{CF62965E-A6FC-4FD2-922F-C4AE07F82DAE}.Release|Any CPU.ActiveCfg = Release|Any CPU
		{CF62965E-A6FC-4FD2-922F-C4AE07F82DAE}.Release|Any CPU.Build.0 = Release|Any CPU
		{1EE3AF52-6450-4FBF-8937-D4E1593F0F11}.Debug|Any CPU.ActiveCfg = Debug|Any CPU
		{1EE3AF52-6450-4FBF-8937-D4E1593F0F11}.Debug|Any CPU.Build.0 = Debug|Any CPU
		{1EE3AF52-6450-4FBF-8937-D4E1593F0F11}.Release|Any CPU.ActiveCfg = Release|Any CPU
		{1EE3AF52-6450-4FBF-8937-D4E1593F0F11}.Release|Any CPU.Build.0 = Release|Any CPU
	EndGlobalSection
	GlobalSection(SolutionProperties) = preSolution
		HideSolutionNode = FALSE
	EndGlobalSection
	GlobalSection(ExtensibilityGlobals) = postSolution
		SolutionGuid = {2D81ADF3-A41B-4B9F-A561-6E631B48B985}
	EndGlobalSection
EndGlobal
